{
    "_meta": {
        "hash": {
            "sha256": "d0a6225d9b9835a54f5103091e8b8a94f8c00fa1478be42b8a1f70051b771c8d"
        },
        "pipfile-spec": 6,
        "requires": {},
        "sources": [
            {
                "name": "pypi",
                "url": "https://pypi.python.org/simple",
                "verify_ssl": true
            }
        ]
    },
    "default": {
        "cicero": {
            "git": "https://github.com/bast/cicero.git",
            "ref": "a7b0d96b0a3173738a8e66ecd6da651b8940970a"
        }
    },
    "develop": {}
}
